
Microsoft Visual Studio Solution File, Format Version 12.00
# Visual Studio 15
VisualStudioVersion = 15.0.27703.2042
MinimumVisualStudioVersion = 10.0.40219.1
Project("{FAE04EC0-301F-11D3-BF4B-00C04F79EFBC}") = "Notes-api-mongodb", "Notes-api-mongodb\Notes-api-mongodb.csproj", "{86A2A76B-6EFE-447E-BC36-CEF64E993DD4}"
EndProject
Global
	GlobalSection(SolutionConfigurationPlatforms) = preSolution
		Debug|Any CPU = Debug|Any CPU
		Release|Any CPU = Release|Any CPU
	EndGlobalSection
	GlobalSection(ProjectConfigurationPlatforms) = postSolution
		{86A2A76B-6EFE-447E-BC36-CEF64E993DD4}.Debug|Any CPU.ActiveCfg = Debug|Any CPU
		{86A2A76B-6EFE-447E-BC36-CEF64E993DD4}.Debug|Any CPU.Build.0 = Debug|Any CPU
		{86A2A76B-6EFE-447E-BC36-CEF64E993DD4}.Release|Any CPU.ActiveCfg = Release|Any CPU
		{86A2A76B-6EFE-447E-BC36-CEF64E993DD4}.Release|Any CPU.Build.0 = Release|Any CPU
	EndGlobalSection
	GlobalSection(SolutionProperties) = preSolution
		HideSolutionNode = FALSE
	EndGlobalSection
	GlobalSection(ExtensibilityGlobals) = postSolution
		SolutionGuid = {B506A06A-F046-4138-83A3-85B169138831}
	EndGlobalSection
EndGlobal
